// !$*UTF8*$!
{
	archiveVersion = 1;
	classes = {
	};
	objectVersion = 46;
	objects = {

/* Begin PBXBuildFile section */
		9340CA751D7DB10800AE1231 /* AppDelegate.swift in Sources */ = {isa = PBXBuildFile; fileRef = 9340CA741D7DB10800AE1231 /* AppDelegate.swift */; };
		9340CA771D7DB10800AE1231 /* ViewController.swift in Sources */ = {isa = PBXBuildFile; fileRef = 9340CA761D7DB10800AE1231 /* ViewController.swift */; };
		9340CA7A1D7DB10800AE1231 /* Main.storyboard in Resources */ = {isa = PBXBuildFile; fileRef = 9340CA781D7DB10800AE1231 /* Main.storyboard */; };
		9340CA7C1D7DB10800AE1231 /* Assets.xcassets in Resources */ = {isa = PBXBuildFile; fileRef = 9340CA7B1D7DB10800AE1231 /* Assets.xcassets */; };
		9340CA7F1D7DB10800AE1231 /* LaunchScreen.storyboard in Resources */ = {isa = PBXBuildFile; fileRef = 9340CA7D1D7DB10800AE1231 /* LaunchScreen.storyboard */; };
/* End PBXBuildFile section */

/* Begin PBXFileReference section */
		9340CA711D7DB10800AE1231 /* infobomb.app */ = {isa = PBXFileReference; explicitFileType = wrapper.application; includeInIndex = 0; path = infobomb.app; sourceTree = BUILT_PRODUCTS_DIR; };
		9340CA741D7DB10800AE1231 /* AppDelegate.swift */ = {isa = PBXFileReference; lastKnownFileType = sourcecode.swift; path = AppDelegate.swift; sourceTree = "<group>"; };
		9340CA761D7DB10800AE1231 /* ViewController.swift */ = {isa = PBXFileReference; lastKnownFileType = sourcecode.swift; path = ViewController.swift; sourceTree = "<group>"; };
		9340CA791D7DB10800AE1231 /* Base */ = {isa = PBXFileReference; lastKnownFileType = file.storyboard; name = Base; path = Base.lproj/Main.storyboard; sourceTree = "<group>"; };
		9340CA7B1D7DB10800AE1231 /* Assets.xcassets */ = {isa = PBXFileReference; lastKnownFileType = folder.assetcatalog; path = Assets.xcassets; sourceTree = "<group>"; };
		9340CA7E1D7DB10800AE1231 /* Base */ = {isa = PBXFileReference; lastKnownFileType = file.storyboard; name = Base; path = Base.lproj/LaunchScreen.storyboard; sourceTree = "<group>"; };
		9340CA801D7DB10800AE1231 /* Info.plist */ = {isa = PBXFileReference; lastKnownFileType = text.plist.xml; path = Info.plist; sourceTree = "<group>"; };
/* End PBXFileReference section */

/* Begin PBXFrameworksBuildPhase section */
		9340CA6E1D7DB10800AE1231 /* Frameworks */ = {
			isa = PBXFrameworksBuildPhase;
			buildActionMask = 2147483647;
			files = (
			);
			runOnlyForDeploymentPostprocessing = 0;
		};
/* End PBXFrameworksBuildPhase section */

/* Begin PBXGroup section */
		9340CA681D7DB10800AE1231 = {
			isa = PBXGroup;
			children = (
				9340CA731D7DB10800AE1231 /* infobomb */,
				9340CA721D7DB10800AE1231 /* Products */,
			);
			sourceTree = "<group>";
		};
		9340CA721D7DB10800AE1231 /* Products */ = {
			isa = PBXGroup;
			children = (
				9340CA711D7DB10800AE1231 /* infobomb.app */,
			);
			name = Products;
			sourceTree = "<group>";
		};
		9340CA731D7DB10800AE1231 /* infobomb */ = {
			isa = PBXGroup;
			children = (
				9340CA741D7DB10800AE1231 /* AppDelegate.swift */,
				9340CA761D7DB10800AE1231 /* ViewController.swift */,
				9340CA781D7DB10800AE1231 /* Main.storyboard */,
				9340CA7B1D7DB10800AE1231 /* Assets.xcassets */,
				9340CA7D1D7DB10800AE1231 /* LaunchScreen.storyboard */,
				9340CA801D7DB10800AE1231 /* Info.plist */,
			);
			path = infobomb;
			sourceTree = "<group>";
		};
/* End PBXGroup section */

/* Begin PBXNativeTarget section */
		9340CA701D7DB10800AE1231 /* infobomb */ = {
			isa = PBXNativeTarget;
			buildConfigurationList = 9340CA831D7DB10800AE1231 /* Build configuration list for PBXNativeTarget "infobomb" */;
			buildPhases = (
				9340CA6D1D7DB10800AE1231 /* Sources */,
				9340CA6E1D7DB10800AE1231 /* Frameworks */,
				9340CA6F1D7DB10800AE1231 /* Resources */,
			);
			buildRules = (
			);
			dependencies = (
			);
			name = infobomb;
			productName = infobomb;
			productReference = 9340CA711D7DB10800AE1231 /* infobomb.app */;
			productType = "com.apple.product-type.application";
		};
/* End PBXNativeTarget section */

/* Begin PBXProject section */
		9340CA691D7DB10800AE1231 /* Project object */ = {
			isa = PBXProject;
			attributes = {
				LastSwiftUpdateCheck = 0730;
				LastUpgradeCheck = 0730;
				ORGANIZATIONNAME = samuscarella;
				TargetAttributes = {
					9340CA701D7DB10800AE1231 = {
						CreatedOnToolsVersion = 7.3.1;
					};
				};
			};
			buildConfigurationList = 9340CA6C1D7DB10800AE1231 /* Build configuration list for PBXProject "infobomb" */;
			compatibilityVersion = "Xcode 3.2";
			developmentRegion = English;
			hasScannedForEncodings = 0;
			knownRegions = (
				en,
				Base,
			);
			mainGroup = 9340CA681D7DB10800AE1231;
			productRefGroup = 9340CA721D7DB10800AE1231 /* Products */;
			projectDirPath = "";
			projectRoot = "";
			targets = (
				9340CA701D7DB10800AE1231 /* infobomb */,
			);
		};
/* End PBXProject section */

/* Begin PBXResourcesBuildPhase section */
		9340CA6F1D7DB10800AE1231 /* Resources */ = {
			isa = PBXResourcesBuildPhase;
			buildActionMask = 2147483647;
			files = (
				9340CA7F1D7DB10800AE1231 /* LaunchScreen.storyboard in Resources */,
				9340CA7C1D7DB10800AE1231 /* Assets.xcassets in Resources */,
				9340CA7A1D7DB10800AE1231 /* Main.storyboard in Resources */,
			);
			runOnlyForDeploymentPostprocessing = 0;
		};
/* End PBXResourcesBuildPhase section */

/* Begin PBXSourcesBuildPhase section */
		9340CA6D1D7DB10800AE1231 /* Sources */ = {
			isa = PBXSourcesBuildPhase;
			buildActionMask = 2147483647;
			files = (
				9340CA771D7DB10800AE1231 /* ViewController.swift in Sources */,
				9340CA751D7DB10800AE1231 /* AppDelegate.swift in Sources */,
			);
			runOnlyForDeploymentPostprocessing = 0;
		};
/* End PBXSourcesBuildPhase section */

/* Begin PBXVariantGroup section */
		9340CA781D7DB10800AE1231 /* Main.storyboard */ = {
			isa = PBXVariantGroup;
			children = (
				9340CA791D7DB10800AE1231 /* Base */,
			);
			name = Main.storyboard;
			sourceTree = "<group>";
		};
		9340CA7D1D7DB10800AE1231 /* LaunchScreen.storyboard */ = {
			isa = PBXVariantGroup;
			children = (
				9340CA7E1D7DB10800AE1231 /* Base */,
			);
			name = LaunchScreen.storyboard;
			sourceTree = "<group>";
		};
/* End PBXVariantGroup section */

/* Begin XCBuildConfiguration section */
		9340CA811D7DB10800AE1231 /* Debug */ = {
			isa = XCBuildConfiguration;
			buildSettings = {
				ALWAYS_SEARCH_USER_PATHS = NO;
				CLANG_ANALYZER_NONNULL = YES;
				CLANG_CXX_LANGUAGE_STANDARD = "gnu++0x";
				CLANG_CXX_LIBRARY = "libc++";
				CLANG_ENABLE_MODULES = YES;
				CLANG_ENABLE_OBJC_ARC = YES;
				CLANG_WARN_BOOL_CONVERSION = YES;
				CLANG_WARN_CONSTANT_CONVERSION = YES;
				CLANG_WARN_DIRECT_OBJC_ISA_USAGE = YES_ERROR;
				CLANG_WARN_EMPTY_BODY = YES;
				CLANG_WARN_ENUM_CONVERSION = YES;
				CLANG_WARN_INT_CONVERSION = YES;
				CLANG_WARN_OBJC_ROOT_CLASS = YES_ERROR;
				CLANG_WARN_UNREACHABLE_CODE = YES;
				CLANG_WARN__DUPLICATE_METHOD_MATCH = YES;
				"CODE_SIGN_IDENTITY[sdk=iphoneos*]" = "iPhone Developer";
				COPY_PHASE_STRIP = NO;
				DEBUG_INFORMATION_FORMAT = dwarf;
				ENABLE_STRICT_OBJC_MSGSEND = YES;
				ENABLE_TESTABILITY = YES;
				GCC_C_LANGUAGE_STANDARD = gnu99;
				GCC_DYNAMIC_NO_PIC = NO;
				GCC_NO_COMMON_BLOCKS = YES;
				GCC_OPTIMIZATION_LEVEL = 0;
				GCC_PREPROCESSOR_DEFINITIONS = (
					"DEBUG=1",
					"$(inherited)",
				);
				GCC_WARN_64_TO_32_BIT_CONVERSION = YES;
				GCC_WARN_ABOUT_RETURN_TYPE = YES_ERROR;
				GCC_WARN_UNDECLARED_SELECTOR = YES;
				GCC_WARN_UNINITIALIZED_AUTOS = YES_AGGRESSIVE;
				GCC_WARN_UNUSED_FUNCTION = YES;
				GCC_WARN_UNUSED_VARIABLE = YES;
				IPHONEOS_DEPLOYMENT_TARGET = 9.3;
				MTL_ENABLE_DEBUG_INFO = YES;
				ONLY_ACTIVE_ARCH = YES;
				SDKROOT = iphoneos;
				SWIFT_OPTIMIZATION_LEVEL = "-Onone";
				TARGETED_DEVICE_FAMILY = "1,2";
			};
			name = Debug;
		};
		9340CA821D7DB10800AE1231 /* Release */ = {
			isa = XCBuildConfiguration;
			buildSettings = {
				ALWAYS_SEARCH_USER_PATHS = NO;
				CLANG_ANALYZER_NONNULL = YES;
				CLANG_CXX_LANGUAGE_STANDARD = "gnu++0x";
				CLANG_CXX_LIBRARY = "libc++";
				CLANG_ENABLE_MODULES = YES;
				CLANG_ENABLE_OBJC_ARC = YES;
				CLANG_WARN_BOOL_CONVERSION = YES;
				CLANG_WARN_CONSTANT_CONVERSION = YES;
				CLANG_WARN_DIRECT_OBJC_ISA_USAGE = YES_ERROR;
				CLANG_WARN_EMPTY_BODY = YES;
				CLANG_WARN_ENUM_CONVERSION = YES;
				CLANG_WARN_INT_CONVERSION = YES;
				CLANG_WARN_OBJC_ROOT_CLASS = YES_ERROR;
				CLANG_WARN_UNREACHABLE_CODE = YES;
				CLANG_WARN__DUPLICATE_METHOD_MATCH = YES;
				"CODE_SIGN_IDENTITY[sdk=iphoneos*]" = "iPhone Developer";
				COPY_PHASE_STRIP = NO;
				DEBUG_INFORMATION_FORMAT = "dwarf-with-dsym";
				ENABLE_NS_ASSERTIONS = NO;
				ENABLE_STRICT_OBJC_MSGSEND = YES;
				GCC_C_LANGUAGE_STANDARD = gnu99;
				GCC_NO_COMMON_BLOCKS = YES;
				GCC_WARN_64_TO_32_BIT_CONVERSION = YES;
				GCC_WARN_ABOUT_RETURN_TYPE = YES_ERROR;
				GCC_WARN_UNDECLARED_SELECTOR = YES;
				GCC_WARN_UNINITIALIZED_AUTOS = YES_AGGRESSIVE;
				GCC_WARN_UNUSED_FUNCTION = YES;
				GCC_WARN_UNUSED_VARIABLE = YES;
				IPHONEOS_DEPLOYMENT_TARGET = 9.3;
				MTL_ENABLE_DEBUG_INFO = NO;
				SDKROOT = iphoneos;
				TARGETED_DEVICE_FAMILY = "1,2";
				VALIDATE_PRODUCT = YES;
			};
			name = Release;
		};
		9340CA841D7DB10800AE1231 /* Debug */ = {
			isa = XCBuildConfiguration;
			buildSettings = {
				ASSETCATALOG_COMPILER_APPICON_NAME = AppIcon;
				INFOPLIST_FILE = infobomb/Info.plist;
				LD_RUNPATH_SEARCH_PATHS = "$(inherited) @executable_path/Frameworks";
				PRODUCT_BUNDLE_IDENTIFIER = com.samuscarella.infobomb;
				PRODUCT_NAME = "$(TARGET_NAME)";
			};
			name = Debug;
		};
		9340CA851D7DB10800AE1231 /* Release */ = {
			isa = XCBuildConfiguration;
			buildSettings = {
				ASSETCATALOG_COMPILER_APPICON_NAME = AppIcon;
				INFOPLIST_FILE = infobomb/Info.plist;
				LD_RUNPATH_SEARCH_PATHS = "$(inherited) @executable_path/Frameworks";
				PRODUCT_BUNDLE_IDENTIFIER = com.samuscarella.infobomb;
				PRODUCT_NAME = "$(TARGET_NAME)";
			};
			name = Release;
		};
/* End XCBuildConfiguration section */

/* Begin XCConfigurationList section */
		9340CA6C1D7DB10800AE1231 /* Build configuration list for PBXProject "infobomb" */ = {
			isa = XCConfigurationList;
			buildConfigurations = (
				9340CA811D7DB10800AE1231 /* Debug */,
				9340CA821D7DB10800AE1231 /* Release */,
			);
			defaultConfigurationIsVisible = 0;
			defaultConfigurationName = Release;
		};
		9340CA831D7DB10800AE1231 /* Build configuration list for PBXNativeTarget "infobomb" */ = {
			isa = XCConfigurationList;
			buildConfigurations = (
				9340CA841D7DB10800AE1231 /* Debug */,
				9340CA851D7DB10800AE1231 /* Release */,
			);
			defaultConfigurationIsVisible = 0;
		};
/* End XCConfigurationList section */
	};
	rootObject = 9340CA691D7DB10800AE1231 /* Project object */;
}
